// !$*UTF8*$!
{
	archiveVersion = 1;
	classes = {
	};
	objectVersion = 77;
	objects = {

/* Begin PBXBuildFile section */
		E235107F2E8742C700CAB6A7 /* SwiftSVG in Frameworks */ = {isa = PBXBuildFile; productRef = E235107E2E8742C700CAB6A7 /* SwiftSVG */; };
		E23510822E8742FB00CAB6A7 /* SwiftSVG in Frameworks */ = {isa = PBXBuildFile; productRef = E23510812E8742FB00CAB6A7 /* SwiftSVG */; };
		E23510842E8742FF00CAB6A7 /* SwiftSVG in Frameworks */ = {isa = PBXBuildFile; productRef = E23510832E8742FF00CAB6A7 /* SwiftSVG */; };
/* End PBXBuildFile section */

/* Begin PBXFileReference section */
		E23510412E87428300CAB6A7 /* macOS.app */ = {isa = PBXFileReference; explicitFileType = wrapper.application; includeInIndex = 0; path = macOS.app; sourceTree = BUILT_PRODUCTS_DIR; };
		E23510532E87429300CAB6A7 /* iOS.app */ = {isa = PBXFileReference; explicitFileType = wrapper.application; includeInIndex = 0; path = iOS.app; sourceTree = BUILT_PRODUCTS_DIR; };
		E235106C2E8742A300CAB6A7 /* tvOS.app */ = {isa = PBXFileReference; explicitFileType = wrapper.application; includeInIndex = 0; path = tvOS.app; sourceTree = BUILT_PRODUCTS_DIR; };
/* End PBXFileReference section */

/* Begin PBXFileSystemSynchronizedBuildFileExceptionSet section */
		E23510642E87429400CAB6A7 /* Exceptions for "iOS" folder in "iOS" target */ = {
			isa = PBXFileSystemSynchronizedBuildFileExceptionSet;
			membershipExceptions = (
				Info.plist,
			);
			target = E23510522E87429300CAB6A7 /* iOS */;
		};
		E237C40F2E875AF20088B042 /* Exceptions for "TestSVGs" folder in "macOS" target */ = {
			isa = PBXFileSystemSynchronizedBuildFileExceptionSet;
			membershipExceptions = (
				alohaShirt.svg,
				baseball.svg,
				berlin.svg,
				Camel2.svg,
				circles.svg,
				decorativeblob.svg,
				DrawingBoard.svg,
				Dulcimer.svg,
				ellipses.svg,
				error.svg,
				fistBump.svg,
				"Fyodor-Dostoevsky.svg",
				George_Kerr_Anderson_Patent_1885_1.svg,
				hawaiiFlowers.svg,
				"johnny-automatic-open-mouth.svg",
				MedievalBanners.svg,
				"openclipart-1290111299.svg",
				"openclipart-1332611679.svg",
				"openclipart-1346768588.svg",
				"openclipart-angry-coder.svg",
				"openclipart-Anonymous_Architetto_--_Bicicletta.svg",
				"openclipart-Anonymous_Architetto_--_Camello.svg",
				"openclipart-Anonymous_Architetto_--_Coccinella_04.svg",
				"openclipart-motivo_geometrico_archit_01.svg",
				"openclipart-tux.svg",
				"openclipart-zanzara_architetto_fran_03r.svg",
				pizza.svg,
				polygons.svg,
				polylines.svg,
				rabbitcowboy.svg,
				raphaelcruzeiro.svg,
				rectangles.svg,
				"simple-rectangle.svg",
				sockPuppet.svg,
				tea.svg,
				tiger.svg,
				triangle.svg,
			);
			target = E23510402E87428300CAB6A7 /* macOS */;
		};
		E237C4472E875D460088B042 /* Exceptions for "TestSVGs" folder in "tvOS" target */ = {
			isa = PBXFileSystemSynchronizedBuildFileExceptionSet;
			membershipExceptions = (
				alohaShirt.svg,
				baseball.svg,
				berlin.svg,
				Camel2.svg,
				circles.svg,
				decorativeblob.svg,
				DrawingBoard.svg,
				Dulcimer.svg,
				ellipses.svg,
				error.svg,
				fistBump.svg,
				"Fyodor-Dostoevsky.svg",
				George_Kerr_Anderson_Patent_1885_1.svg,
				hawaiiFlowers.svg,
				"johnny-automatic-open-mouth.svg",
				MedievalBanners.svg,
				"openclipart-1290111299.svg",
				"openclipart-1332611679.svg",
				"openclipart-1346768588.svg",
				"openclipart-angry-coder.svg",
				"openclipart-Anonymous_Architetto_--_Bicicletta.svg",
				"openclipart-Anonymous_Architetto_--_Camello.svg",
				"openclipart-Anonymous_Architetto_--_Coccinella_04.svg",
				"openclipart-motivo_geometrico_archit_01.svg",
				"openclipart-tux.svg",
				"openclipart-zanzara_architetto_fran_03r.svg",
				pizza.svg,
				polygons.svg,
				polylines.svg,
				rabbitcowboy.svg,
				raphaelcruzeiro.svg,
				rectangles.svg,
				"simple-rectangle.svg",
				sockPuppet.svg,
				tea.svg,
				tiger.svg,
				triangle.svg,
			);
			target = E235106B2E8742A300CAB6A7 /* tvOS */;
		};
		E237C44C2E87605F0088B042 /* Exceptions for "tvOS" folder in "tvOS" target */ = {
			isa = PBXFileSystemSynchronizedBuildFileExceptionSet;
			membershipExceptions = (
				Info.plist,
			);
			target = E235106B2E8742A300CAB6A7 /* tvOS */;
		};
/* End PBXFileSystemSynchronizedBuildFileExceptionSet section */

/* Begin PBXFileSystemSynchronizedRootGroup section */
		E23510422E87428300CAB6A7 /* macOS */ = {
			isa = PBXFileSystemSynchronizedRootGroup;
			path = macOS;
			sourceTree = "<group>";
		};
		E23510542E87429300CAB6A7 /* iOS */ = {
			isa = PBXFileSystemSynchronizedRootGroup;
			exceptions = (
				E23510642E87429400CAB6A7 /* Exceptions for "iOS" folder in "iOS" target */,
			);
			path = iOS;
			sourceTree = "<group>";
		};
		E235106D2E8742A300CAB6A7 /* tvOS */ = {
			isa = PBXFileSystemSynchronizedRootGroup;
			exceptions = (
				E237C44C2E87605F0088B042 /* Exceptions for "tvOS" folder in "tvOS" target */,
			);
			explicitFileTypes = {
				Info.plist = text.xml;
			};
			path = tvOS;
			sourceTree = "<group>";
		};
		E237C39F2E8751510088B042 /* TestSVGs */ = {
			isa = PBXFileSystemSynchronizedRootGroup;
			exceptions = (
				E237C40F2E875AF20088B042 /* Exceptions for "TestSVGs" folder in "macOS" target */,
				E237C4472E875D460088B042 /* Exceptions for "TestSVGs" folder in "tvOS" target */,
			);
			path = TestSVGs;
			sourceTree = "<group>";
		};
/* End PBXFileSystemSynchronizedRootGroup section */

/* Begin PBXFrameworksBuildPhase section */
		E235103E2E87428300CAB6A7 /* Frameworks */ = {
			isa = PBXFrameworksBuildPhase;
			buildActionMask = 2147483647;
			files = (
				E235107F2E8742C700CAB6A7 /* SwiftSVG in Frameworks */,
			);
			runOnlyForDeploymentPostprocessing = 0;
		};
		E23510502E87429300CAB6A7 /* Frameworks */ = {
			isa = PBXFrameworksBuildPhase;
			buildActionMask = 2147483647;
			files = (
				E23510822E8742FB00CAB6A7 /* SwiftSVG in Frameworks */,
			);
			runOnlyForDeploymentPostprocessing = 0;
		};
		E23510692E8742A300CAB6A7 /* Frameworks */ = {
			isa = PBXFrameworksBuildPhase;
			buildActionMask = 2147483647;
			files = (
				E23510842E8742FF00CAB6A7 /* SwiftSVG in Frameworks */,
			);
			runOnlyForDeploymentPostprocessing = 0;
		};
/* End PBXFrameworksBuildPhase section */

/* Begin PBXGroup section */
		E23510802E8742FB00CAB6A7 /* Frameworks */ = {
			isa = PBXGroup;
			children = (
			);
			name = Frameworks;
			sourceTree = "<group>";
		};
		E2629FB82E8740D400E7AB53 = {
			isa = PBXGroup;
			children = (
				E237C39F2E8751510088B042 /* TestSVGs */,
				E23510422E87428300CAB6A7 /* macOS */,
				E23510542E87429300CAB6A7 /* iOS */,
				E235106D2E8742A300CAB6A7 /* tvOS */,
				E23510802E8742FB00CAB6A7 /* Frameworks */,
				E2629FC22E8740D400E7AB53 /* Products */,
			);
			sourceTree = "<group>";
		};
		E2629FC22E8740D400E7AB53 /* Products */ = {
			isa = PBXGroup;
			children = (
				E23510412E87428300CAB6A7 /* macOS.app */,
				E23510532E87429300CAB6A7 /* iOS.app */,
				E235106C2E8742A300CAB6A7 /* tvOS.app */,
			);
			name = Products;
			sourceTree = "<group>";
		};
/* End PBXGroup section */

/* Begin PBXNativeTarget section */
		E23510402E87428300CAB6A7 /* macOS */ = {
			isa = PBXNativeTarget;
			buildConfigurationList = E235104C2E87428400CAB6A7 /* Build configuration list for PBXNativeTarget "macOS" */;
			buildPhases = (
				E235103D2E87428300CAB6A7 /* Sources */,
				E235103E2E87428300CAB6A7 /* Frameworks */,
				E235103F2E87428300CAB6A7 /* Resources */,
			);
			buildRules = (
			);
			dependencies = (
				E23510862E87432A00CAB6A7 /* PBXTargetDependency */,
			);
			fileSystemSynchronizedGroups = (
				E23510422E87428300CAB6A7 /* macOS */,
			);
			name = macOS;
			packageProductDependencies = (
				E235107E2E8742C700CAB6A7 /* SwiftSVG */,
			);
			productName = macOS;
			productReference = E23510412E87428300CAB6A7 /* macOS.app */;
			productType = "com.apple.product-type.application";
		};
		E23510522E87429300CAB6A7 /* iOS */ = {
			isa = PBXNativeTarget;
			buildConfigurationList = E23510652E87429400CAB6A7 /* Build configuration list for PBXNativeTarget "iOS" */;
			buildPhases = (
				E235104F2E87429300CAB6A7 /* Sources */,
				E23510502E87429300CAB6A7 /* Frameworks */,
				E23510512E87429300CAB6A7 /* Resources */,
			);
			buildRules = (
			);
			dependencies = (
				E23510882E87432E00CAB6A7 /* PBXTargetDependency */,
			);
			fileSystemSynchronizedGroups = (
				E23510542E87429300CAB6A7 /* iOS */,
				E237C39F2E8751510088B042 /* TestSVGs */,
			);
			name = iOS;
			packageProductDependencies = (
				E23510812E8742FB00CAB6A7 /* SwiftSVG */,
			);
			productName = iOS;
			productReference = E23510532E87429300CAB6A7 /* iOS.app */;
			productType = "com.apple.product-type.application";
		};
		E235106B2E8742A300CAB6A7 /* tvOS */ = {
			isa = PBXNativeTarget;
			buildConfigurationList = E235107A2E8742A300CAB6A7 /* Build configuration list for PBXNativeTarget "tvOS" */;
			buildPhases = (
				E23510682E8742A300CAB6A7 /* Sources */,
				E23510692E8742A300CAB6A7 /* Frameworks */,
				E235106A2E8742A300CAB6A7 /* Resources */,
			);
			buildRules = (
			);
			dependencies = (
				E235108A2E87433100CAB6A7 /* PBXTargetDependency */,
			);
			fileSystemSynchronizedGroups = (
				E235106D2E8742A300CAB6A7 /* tvOS */,
			);
			name = tvOS;
			packageProductDependencies = (
				E23510832E8742FF00CAB6A7 /* SwiftSVG */,
			);
			productName = tvOS;
			productReference = E235106C2E8742A300CAB6A7 /* tvOS.app */;
			productType = "com.apple.product-type.application";
		};
/* End PBXNativeTarget section */

/* Begin PBXProject section */
		E2629FB92E8740D400E7AB53 /* Project object */ = {
			isa = PBXProject;
			attributes = {
				BuildIndependentTargetsInParallel = 1;
				LastSwiftUpdateCheck = 2600;
				LastUpgradeCheck = 2600;
				TargetAttributes = {
					E23510402E87428300CAB6A7 = {
						CreatedOnToolsVersion = 26.0.1;
					};
					E23510522E87429300CAB6A7 = {
						CreatedOnToolsVersion = 26.0.1;
					};
					E235106B2E8742A300CAB6A7 = {
						CreatedOnToolsVersion = 26.0.1;
					};
				};
			};
			buildConfigurationList = E2629FBC2E8740D400E7AB53 /* Build configuration list for PBXProject "Example" */;
			developmentRegion = en;
			hasScannedForEncodings = 0;
			knownRegions = (
				en,
				Base,
			);
			mainGroup = E2629FB82E8740D400E7AB53;
			minimizedProjectReferenceProxies = 1;
			packageReferences = (
				E235107D2E8742C700CAB6A7 /* XCLocalSwiftPackageReference "../../SwiftSVG" */,
			);
			preferredProjectObjectVersion = 77;
			productRefGroup = E2629FC22E8740D400E7AB53 /* Products */;
			projectDirPath = "";
			projectRoot = "";
			targets = (
				E23510402E87428300CAB6A7 /* macOS */,
				E23510522E87429300CAB6A7 /* iOS */,
				E235106B2E8742A300CAB6A7 /* tvOS */,
			);
		};
/* End PBXProject section */

/* Begin PBXResourcesBuildPhase section */
		E235103F2E87428300CAB6A7 /* Resources */ = {
			isa = PBXResourcesBuildPhase;
			buildActionMask = 2147483647;
			files = (
			);
			runOnlyForDeploymentPostprocessing = 0;
		};
		E23510512E87429300CAB6A7 /* Resources */ = {
			isa = PBXResourcesBuildPhase;
			buildActionMask = 2147483647;
			files = (
			);
			runOnlyForDeploymentPostprocessing = 0;
		};
		E235106A2E8742A300CAB6A7 /* Resources */ = {
			isa = PBXResourcesBuildPhase;
			buildActionMask = 2147483647;
			files = (
			);
			runOnlyForDeploymentPostprocessing = 0;
		};
/* End PBXResourcesBuildPhase section */

/* Begin PBXSourcesBuildPhase section */
		E235103D2E87428300CAB6A7 /* Sources */ = {
			isa = PBXSourcesBuildPhase;
			buildActionMask = 2147483647;
			files = (
			);
			runOnlyForDeploymentPostprocessing = 0;
		};
		E235104F2E87429300CAB6A7 /* Sources */ = {
			isa = PBXSourcesBuildPhase;
			buildActionMask = 2147483647;
			files = (
			);
			runOnlyForDeploymentPostprocessing = 0;
		};
		E23510682E8742A300CAB6A7 /* Sources */ = {
			isa = PBXSourcesBuildPhase;
			buildActionMask = 2147483647;
			files = (
			);
			runOnlyForDeploymentPostprocessing = 0;
		};
/* End PBXSourcesBuildPhase section */

/* Begin PBXTargetDependency section */
		E23510862E87432A00CAB6A7 /* PBXTargetDependency */ = {
			isa = PBXTargetDependency;
			productRef = E23510852E87432A00CAB6A7 /* SwiftSVG */;
		};
		E23510882E87432E00CAB6A7 /* PBXTargetDependency */ = {
			isa = PBXTargetDependency;
			productRef = E23510872E87432E00CAB6A7 /* SwiftSVG */;
		};
		E235108A2E87433100CAB6A7 /* PBXTargetDependency */ = {
			isa = PBXTargetDependency;
			productRef = E23510892E87433100CAB6A7 /* SwiftSVG */;
		};
/* End PBXTargetDependency section */

/* Begin XCBuildConfiguration section */
		E235104D2E87428400CAB6A7 /* Debug */ = {
			isa = XCBuildConfiguration;
			buildSettings = {
				ASSETCATALOG_COMPILER_APPICON_NAME = AppIcon;
				ASSETCATALOG_COMPILER_GLOBAL_ACCENT_COLOR_NAME = AccentColor;
				CODE_SIGN_STYLE = Automatic;
				COMBINE_HIDPI_IMAGES = YES;
				CURRENT_PROJECT_VERSION = 1;
				DEAD_CODE_STRIPPING = YES;
				ENABLE_APP_SANDBOX = YES;
				ENABLE_USER_SELECTED_FILES = readonly;
				GENERATE_INFOPLIST_FILE = YES;
				INFOPLIST_KEY_NSHumanReadableCopyright = "";
				INFOPLIST_KEY_NSMainStoryboardFile = Main;
				INFOPLIST_KEY_NSPrincipalClass = NSApplication;
				LD_RUNPATH_SEARCH_PATHS = (
					"$(inherited)",
					"@executable_path/../Frameworks",
				);
				MACOSX_DEPLOYMENT_TARGET = 15.7;
				MARKETING_VERSION = 1.0;
				PRODUCT_BUNDLE_IDENTIFIER = com.woolsoft.macOS;
				PRODUCT_NAME = "$(TARGET_NAME)";
				REGISTER_APP_GROUPS = YES;
				STRING_CATALOG_GENERATE_SYMBOLS = YES;
				SWIFT_APPROACHABLE_CONCURRENCY = YES;
				SWIFT_DEFAULT_ACTOR_ISOLATION = MainActor;
				SWIFT_EMIT_LOC_STRINGS = YES;
				SWIFT_UPCOMING_FEATURE_MEMBER_IMPORT_VISIBILITY = YES;
				SWIFT_VERSION = 5.0;
			};
			name = Debug;
		};
		E235104E2E87428400CAB6A7 /* Release */ = {
			isa = XCBuildConfiguration;
			buildSettings = {
				ASSETCATALOG_COMPILER_APPICON_NAME = AppIcon;
				ASSETCATALOG_COMPILER_GLOBAL_ACCENT_COLOR_NAME = AccentColor;
				CODE_SIGN_STYLE = Automatic;
				COMBINE_HIDPI_IMAGES = YES;
				CURRENT_PROJECT_VERSION = 1;
				DEAD_CODE_STRIPPING = YES;
				ENABLE_APP_SANDBOX = YES;
				ENABLE_USER_SELECTED_FILES = readonly;
				GENERATE_INFOPLIST_FILE = YES;
				INFOPLIST_KEY_NSHumanReadableCopyright = "";
				INFOPLIST_KEY_NSMainStoryboardFile = Main;
				INFOPLIST_KEY_NSPrincipalClass = NSApplication;
				LD_RUNPATH_SEARCH_PATHS = (
					"$(inherited)",
					"@executable_path/../Frameworks",
				);
				MACOSX_DEPLOYMENT_TARGET = 15.7;
				MARKETING_VERSION = 1.0;
				PRODUCT_BUNDLE_IDENTIFIER = com.woolsoft.macOS;
				PRODUCT_NAME = "$(TARGET_NAME)";
				REGISTER_APP_GROUPS = YES;
				STRING_CATALOG_GENERATE_SYMBOLS = YES;
				SWIFT_APPROACHABLE_CONCURRENCY = YES;
				SWIFT_DEFAULT_ACTOR_ISOLATION = MainActor;
				SWIFT_EMIT_LOC_STRINGS = YES;
				SWIFT_UPCOMING_FEATURE_MEMBER_IMPORT_VISIBILITY = YES;
				SWIFT_VERSION = 5.0;
			};
			name = Release;
		};
		E23510662E87429400CAB6A7 /* Debug */ = {
			isa = XCBuildConfiguration;
			buildSettings = {
				ASSETCATALOG_COMPILER_APPICON_NAME = AppIcon;
				ASSETCATALOG_COMPILER_GLOBAL_ACCENT_COLOR_NAME = AccentColor;
				CODE_SIGN_STYLE = Automatic;
				CURRENT_PROJECT_VERSION = 1;
				GENERATE_INFOPLIST_FILE = YES;
				INFOPLIST_FILE = iOS/Info.plist;
				INFOPLIST_KEY_UIApplicationSupportsIndirectInputEvents = YES;
				INFOPLIST_KEY_UILaunchStoryboardName = LaunchScreen;
				INFOPLIST_KEY_UIMainStoryboardFile = Main;
				INFOPLIST_KEY_UISupportedInterfaceOrientations_iPad = "UIInterfaceOrientationPortrait UIInterfaceOrientationPortraitUpsideDown UIInterfaceOrientationLandscapeLeft UIInterfaceOrientationLandscapeRight";
				INFOPLIST_KEY_UISupportedInterfaceOrientations_iPhone = "UIInterfaceOrientationPortrait UIInterfaceOrientationLandscapeLeft UIInterfaceOrientationLandscapeRight";
				IPHONEOS_DEPLOYMENT_TARGET = 26.0;
				LD_RUNPATH_SEARCH_PATHS = (
					"$(inherited)",
					"@executable_path/Frameworks",
				);
				MARKETING_VERSION = 1.0;
				PRODUCT_BUNDLE_IDENTIFIER = com.woolsoft.iOS;
				PRODUCT_NAME = "$(TARGET_NAME)";
				SDKROOT = iphoneos;
				STRING_CATALOG_GENERATE_SYMBOLS = YES;
				SWIFT_APPROACHABLE_CONCURRENCY = YES;
				SWIFT_DEFAULT_ACTOR_ISOLATION = MainActor;
				SWIFT_EMIT_LOC_STRINGS = YES;
				SWIFT_UPCOMING_FEATURE_MEMBER_IMPORT_VISIBILITY = YES;
				SWIFT_VERSION = 5.0;
				TARGETED_DEVICE_FAMILY = "1,2";
			};
			name = Debug;
		};
		E23510672E87429400CAB6A7 /* Release */ = {
			isa = XCBuildConfiguration;
			buildSettings = {
				ASSETCATALOG_COMPILER_APPICON_NAME = AppIcon;
				ASSETCATALOG_COMPILER_GLOBAL_ACCENT_COLOR_NAME = AccentColor;
				CODE_SIGN_STYLE = Automatic;
				CURRENT_PROJECT_VERSION = 1;
				GENERATE_INFOPLIST_FILE = YES;
				INFOPLIST_FILE = iOS/Info.plist;
				INFOPLIST_KEY_UIApplicationSupportsIndirectInputEvents = YES;
				INFOPLIST_KEY_UILaunchStoryboardName = LaunchScreen;
				INFOPLIST_KEY_UIMainStoryboardFile = Main;
				INFOPLIST_KEY_UISupportedInterfaceOrientations_iPad = "UIInterfaceOrientationPortrait UIInterfaceOrientationPortraitUpsideDown UIInterfaceOrientationLandscapeLeft UIInterfaceOrientationLandscapeRight";
				INFOPLIST_KEY_UISupportedInterfaceOrientations_iPhone = "UIInterfaceOrientationPortrait UIInterfaceOrientationLandscapeLeft UIInterfaceOrientationLandscapeRight";
				IPHONEOS_DEPLOYMENT_TARGET = 26.0;
				LD_RUNPATH_SEARCH_PATHS = (
					"$(inherited)",
					"@executable_path/Frameworks",
				);
				MARKETING_VERSION = 1.0;
				PRODUCT_BUNDLE_IDENTIFIER = com.woolsoft.iOS;
				PRODUCT_NAME = "$(TARGET_NAME)";
				SDKROOT = iphoneos;
				STRING_CATALOG_GENERATE_SYMBOLS = YES;
				SWIFT_APPROACHABLE_CONCURRENCY = YES;
				SWIFT_DEFAULT_ACTOR_ISOLATION = MainActor;
				SWIFT_EMIT_LOC_STRINGS = YES;
				SWIFT_UPCOMING_FEATURE_MEMBER_IMPORT_VISIBILITY = YES;
				SWIFT_VERSION = 5.0;
				TARGETED_DEVICE_FAMILY = "1,2";
				VALIDATE_PRODUCT = YES;
			};
			name = Release;
		};
		E235107B2E8742A300CAB6A7 /* Debug */ = {
			isa = XCBuildConfiguration;
			buildSettings = {
				ASSETCATALOG_COMPILER_APPICON_NAME = "App Icon & Top Shelf Image";
				ASSETCATALOG_COMPILER_GLOBAL_ACCENT_COLOR_NAME = AccentColor;
				CODE_SIGN_STYLE = Automatic;
				CURRENT_PROJECT_VERSION = 1;
				GENERATE_INFOPLIST_FILE = YES;
				INFOPLIST_KEY_UILaunchStoryboardName = LaunchScreen;
				INFOPLIST_KEY_UIMainStoryboardFile = Main;
				INFOPLIST_KEY_UIUserInterfaceStyle = Automatic;
				LD_RUNPATH_SEARCH_PATHS = (
					"$(inherited)",
					"@executable_path/Frameworks",
				);
				MARKETING_VERSION = 1.0;
				PRODUCT_BUNDLE_IDENTIFIER = com.woolsoft.tvOS;
				PRODUCT_NAME = "$(TARGET_NAME)";
				SDKROOT = appletvos;
				STRING_CATALOG_GENERATE_SYMBOLS = YES;
				SWIFT_APPROACHABLE_CONCURRENCY = YES;
				SWIFT_DEFAULT_ACTOR_ISOLATION = MainActor;
				SWIFT_EMIT_LOC_STRINGS = YES;
				SWIFT_UPCOMING_FEATURE_MEMBER_IMPORT_VISIBILITY = YES;
				SWIFT_VERSION = 5.0;
				TARGETED_DEVICE_FAMILY = 3;
				TVOS_DEPLOYMENT_TARGET = 26.0;
			};
			name = Debug;
		};
		E235107C2E8742A300CAB6A7 /* Release */ = {
			isa = XCBuildConfiguration;
			buildSettings = {
				ASSETCATALOG_COMPILER_APPICON_NAME = "App Icon & Top Shelf Image";
				ASSETCATALOG_COMPILER_GLOBAL_ACCENT_COLOR_NAME = AccentColor;
				CODE_SIGN_STYLE = Automatic;
				CURRENT_PROJECT_VERSION = 1;
				GENERATE_INFOPLIST_FILE = YES;
				INFOPLIST_KEY_UILaunchStoryboardName = LaunchScreen;
				INFOPLIST_KEY_UIMainStoryboardFile = Main;
				INFOPLIST_KEY_UIUserInterfaceStyle = Automatic;
				LD_RUNPATH_SEARCH_PATHS = (
					"$(inherited)",
					"@executable_path/Frameworks",
				);
				MARKETING_VERSION = 1.0;
				PRODUCT_BUNDLE_IDENTIFIER = com.woolsoft.tvOS;
				PRODUCT_NAME = "$(TARGET_NAME)";
				SDKROOT = appletvos;
				STRING_CATALOG_GENERATE_SYMBOLS = YES;
				SWIFT_APPROACHABLE_CONCURRENCY = YES;
				SWIFT_DEFAULT_ACTOR_ISOLATION = MainActor;
				SWIFT_EMIT_LOC_STRINGS = YES;
				SWIFT_UPCOMING_FEATURE_MEMBER_IMPORT_VISIBILITY = YES;
				SWIFT_VERSION = 5.0;
				TARGETED_DEVICE_FAMILY = 3;
				TVOS_DEPLOYMENT_TARGET = 26.0;
				VALIDATE_PRODUCT = YES;
			};
			name = Release;
		};
		E2629FE42E8740D500E7AB53 /* Debug */ = {
			isa = XCBuildConfiguration;
			buildSettings = {
				ALWAYS_SEARCH_USER_PATHS = NO;
				ASSETCATALOG_COMPILER_GENERATE_SWIFT_ASSET_SYMBOL_EXTENSIONS = YES;
				CLANG_ANALYZER_NONNULL = YES;
				CLANG_ANALYZER_NUMBER_OBJECT_CONVERSION = YES_AGGRESSIVE;
				CLANG_CXX_LANGUAGE_STANDARD = "gnu++20";
				CLANG_ENABLE_MODULES = YES;
				CLANG_ENABLE_OBJC_ARC = YES;
				CLANG_ENABLE_OBJC_WEAK = YES;
				CLANG_WARN_BLOCK_CAPTURE_AUTORELEASING = YES;
				CLANG_WARN_BOOL_CONVERSION = YES;
				CLANG_WARN_COMMA = YES;
				CLANG_WARN_CONSTANT_CONVERSION = YES;
				CLANG_WARN_DEPRECATED_OBJC_IMPLEMENTATIONS = YES;
				CLANG_WARN_DIRECT_OBJC_ISA_USAGE = YES_ERROR;
				CLANG_WARN_DOCUMENTATION_COMMENTS = YES;
				CLANG_WARN_EMPTY_BODY = YES;
				CLANG_WARN_ENUM_CONVERSION = YES;
				CLANG_WARN_INFINITE_RECURSION = YES;
				CLANG_WARN_INT_CONVERSION = YES;
				CLANG_WARN_NON_LITERAL_NULL_CONVERSION = YES;
				CLANG_WARN_OBJC_IMPLICIT_RETAIN_SELF = YES;
				CLANG_WARN_OBJC_LITERAL_CONVERSION = YES;
				CLANG_WARN_OBJC_ROOT_CLASS = YES_ERROR;
				CLANG_WARN_QUOTED_INCLUDE_IN_FRAMEWORK_HEADER = YES;
				CLANG_WARN_RANGE_LOOP_ANALYSIS = YES;
				CLANG_WARN_STRICT_PROTOTYPES = YES;
				CLANG_WARN_SUSPICIOUS_MOVE = YES;
				CLANG_WARN_UNGUARDED_AVAILABILITY = YES_AGGRESSIVE;
				CLANG_WARN_UNREACHABLE_CODE = YES;
				CLANG_WARN__DUPLICATE_METHOD_MATCH = YES;
				COPY_PHASE_STRIP = NO;
				DEAD_CODE_STRIPPING = YES;
				DEBUG_INFORMATION_FORMAT = dwarf;
				ENABLE_STRICT_OBJC_MSGSEND = YES;
				ENABLE_TESTABILITY = YES;
				ENABLE_USER_SCRIPT_SANDBOXING = YES;
				GCC_C_LANGUAGE_STANDARD = gnu17;
				GCC_DYNAMIC_NO_PIC = NO;
				GCC_NO_COMMON_BLOCKS = YES;
				GCC_OPTIMIZATION_LEVEL = 0;
				GCC_PREPROCESSOR_DEFINITIONS = (
					"DEBUG=1",
					"$(inherited)",
				);
				GCC_WARN_64_TO_32_BIT_CONVERSION = YES;
				GCC_WARN_ABOUT_RETURN_TYPE = YES_ERROR;
				GCC_WARN_UNDECLARED_SELECTOR = YES;
				GCC_WARN_UNINITIALIZED_AUTOS = YES_AGGRESSIVE;
				GCC_WARN_UNUSED_FUNCTION = YES;
				GCC_WARN_UNUSED_VARIABLE = YES;
				LOCALIZATION_PREFERS_STRING_CATALOGS = YES;
				MACOSX_DEPLOYMENT_TARGET = 14.6;
				MTL_ENABLE_DEBUG_INFO = INCLUDE_SOURCE;
				MTL_FAST_MATH = YES;
				ONLY_ACTIVE_ARCH = YES;
				SDKROOT = macosx;
				STRING_CATALOG_GENERATE_SYMBOLS = YES;
				SWIFT_ACTIVE_COMPILATION_CONDITIONS = "DEBUG $(inherited)";
				SWIFT_OPTIMIZATION_LEVEL = "-Onone";
			};
			name = Debug;
		};
		E2629FE52E8740D500E7AB53 /* Release */ = {
			isa = XCBuildConfiguration;
			buildSettings = {
				ALWAYS_SEARCH_USER_PATHS = NO;
				ASSETCATALOG_COMPILER_GENERATE_SWIFT_ASSET_SYMBOL_EXTENSIONS = YES;
				CLANG_ANALYZER_NONNULL = YES;
				CLANG_ANALYZER_NUMBER_OBJECT_CONVERSION = YES_AGGRESSIVE;
				CLANG_CXX_LANGUAGE_STANDARD = "gnu++20";
				CLANG_ENABLE_MODULES = YES;
				CLANG_ENABLE_OBJC_ARC = YES;
				CLANG_ENABLE_OBJC_WEAK = YES;
				CLANG_WARN_BLOCK_CAPTURE_AUTORELEASING = YES;
				CLANG_WARN_BOOL_CONVERSION = YES;
				CLANG_WARN_COMMA = YES;
				CLANG_WARN_CONSTANT_CONVERSION = YES;
				CLANG_WARN_DEPRECATED_OBJC_IMPLEMENTATIONS = YES;
				CLANG_WARN_DIRECT_OBJC_ISA_USAGE = YES_ERROR;
				CLANG_WARN_DOCUMENTATION_COMMENTS = YES;
				CLANG_WARN_EMPTY_BODY = YES;
				CLANG_WARN_ENUM_CONVERSION = YES;
				CLANG_WARN_INFINITE_RECURSION = YES;
				CLANG_WARN_INT_CONVERSION = YES;
				CLANG_WARN_NON_LITERAL_NULL_CONVERSION = YES;
				CLANG_WARN_OBJC_IMPLICIT_RETAIN_SELF = YES;
				CLANG_WARN_OBJC_LITERAL_CONVERSION = YES;
				CLANG_WARN_OBJC_ROOT_CLASS = YES_ERROR;
				CLANG_WARN_QUOTED_INCLUDE_IN_FRAMEWORK_HEADER = YES;
				CLANG_WARN_RANGE_LOOP_ANALYSIS = YES;
				CLANG_WARN_STRICT_PROTOTYPES = YES;
				CLANG_WARN_SUSPICIOUS_MOVE = YES;
				CLANG_WARN_UNGUARDED_AVAILABILITY = YES_AGGRESSIVE;
				CLANG_WARN_UNREACHABLE_CODE = YES;
				CLANG_WARN__DUPLICATE_METHOD_MATCH = YES;
				COPY_PHASE_STRIP = NO;
				DEAD_CODE_STRIPPING = YES;
				DEBUG_INFORMATION_FORMAT = "dwarf-with-dsym";
				ENABLE_NS_ASSERTIONS = NO;
				ENABLE_STRICT_OBJC_MSGSEND = YES;
				ENABLE_USER_SCRIPT_SANDBOXING = YES;
				GCC_C_LANGUAGE_STANDARD = gnu17;
				GCC_NO_COMMON_BLOCKS = YES;
				GCC_WARN_64_TO_32_BIT_CONVERSION = YES;
				GCC_WARN_ABOUT_RETURN_TYPE = YES_ERROR;
				GCC_WARN_UNDECLARED_SELECTOR = YES;
				GCC_WARN_UNINITIALIZED_AUTOS = YES_AGGRESSIVE;
				GCC_WARN_UNUSED_FUNCTION = YES;
				GCC_WARN_UNUSED_VARIABLE = YES;
				LOCALIZATION_PREFERS_STRING_CATALOGS = YES;
				MACOSX_DEPLOYMENT_TARGET = 14.6;
				MTL_ENABLE_DEBUG_INFO = NO;
				MTL_FAST_MATH = YES;
				SDKROOT = macosx;
				STRING_CATALOG_GENERATE_SYMBOLS = YES;
				SWIFT_COMPILATION_MODE = wholemodule;
			};
			name = Release;
		};
/* End XCBuildConfiguration section */

/* Begin XCConfigurationList section */
		E235104C2E87428400CAB6A7 /* Build configuration list for PBXNativeTarget "macOS" */ = {
			isa = XCConfigurationList;
			buildConfigurations = (
				E235104D2E87428400CAB6A7 /* Debug */,
				E235104E2E87428400CAB6A7 /* Release */,
			);
			defaultConfigurationIsVisible = 0;
			defaultConfigurationName = Release;
		};
		E23510652E87429400CAB6A7 /* Build configuration list for PBXNativeTarget "iOS" */ = {
			isa = XCConfigurationList;
			buildConfigurations = (
				E23510662E87429400CAB6A7 /* Debug */,
				E23510672E87429400CAB6A7 /* Release */,
			);
			defaultConfigurationIsVisible = 0;
			defaultConfigurationName = Release;
		};
		E235107A2E8742A300CAB6A7 /* Build configuration list for PBXNativeTarget "tvOS" */ = {
			isa = XCConfigurationList;
			buildConfigurations = (
				E235107B2E8742A300CAB6A7 /* Debug */,
				E235107C2E8742A300CAB6A7 /* Release */,
			);
			defaultConfigurationIsVisible = 0;
			defaultConfigurationName = Release;
		};
		E2629FBC2E8740D400E7AB53 /* Build configuration list for PBXProject "Example" */ = {
			isa = XCConfigurationList;
			buildConfigurations = (
				E2629FE42E8740D500E7AB53 /* Debug */,
				E2629FE52E8740D500E7AB53 /* Release */,
			);
			defaultConfigurationIsVisible = 0;
			defaultConfigurationName = Release;
		};
/* End XCConfigurationList section */

/* Begin XCLocalSwiftPackageReference section */
		E235107D2E8742C700CAB6A7 /* XCLocalSwiftPackageReference "../../SwiftSVG" */ = {
			isa = XCLocalSwiftPackageReference;
			relativePath = ../../SwiftSVG;
		};
/* End XCLocalSwiftPackageReference section */

/* Begin XCSwiftPackageProductDependency section */
		E235107E2E8742C700CAB6A7 /* SwiftSVG */ = {
			isa = XCSwiftPackageProductDependency;
			productName = SwiftSVG;
		};
		E23510812E8742FB00CAB6A7 /* SwiftSVG */ = {
			isa = XCSwiftPackageProductDependency;
			package = E235107D2E8742C700CAB6A7 /* XCLocalSwiftPackageReference "../../SwiftSVG" */;
			productName = SwiftSVG;
		};
		E23510832E8742FF00CAB6A7 /* SwiftSVG */ = {
			isa = XCSwiftPackageProductDependency;
			package = E235107D2E8742C700CAB6A7 /* XCLocalSwiftPackageReference "../../SwiftSVG" */;
			productName = SwiftSVG;
		};
		E23510852E87432A00CAB6A7 /* SwiftSVG */ = {
			isa = XCSwiftPackageProductDependency;
			package = E235107D2E8742C700CAB6A7 /* XCLocalSwiftPackageReference "../../SwiftSVG" */;
			productName = SwiftSVG;
		};
		E23510872E87432E00CAB6A7 /* SwiftSVG */ = {
			isa = XCSwiftPackageProductDependency;
			package = E235107D2E8742C700CAB6A7 /* XCLocalSwiftPackageReference "../../SwiftSVG" */;
			productName = SwiftSVG;
		};
		E23510892E87433100CAB6A7 /* SwiftSVG */ = {
			isa = XCSwiftPackageProductDependency;
			package = E235107D2E8742C700CAB6A7 /* XCLocalSwiftPackageReference "../../SwiftSVG" */;
			productName = SwiftSVG;
		};
/* End XCSwiftPackageProductDependency section */
	};
	rootObject = E2629FB92E8740D400E7AB53 /* Project object */;
}
